
Microsoft Visual Studio Solution File, Format Version 12.00
# Visual Studio Version 17
VisualStudioVersion = 17.0.32112.339
MinimumVisualStudioVersion = 10.0.40219.1
Project("{FAE04EC0-301F-11D3-BF4B-00C04F79EFBC}") = "HarvestHelp-PassionProject", "HarvestHelp-PassionProject.csproj", "{564F0C17-0617-47C7-98FA-CA39FC0455D8}"
EndProject
Global
	GlobalSection(SolutionConfigurationPlatforms) = preSolution
		Debug|Any CPU = Debug|Any CPU
		Release|Any CPU = Release|Any CPU
	EndGlobalSection
	GlobalSection(ProjectConfigurationPlatforms) = postSolution
		{564F0C17-0617-47C7-98FA-CA39FC0455D8}.Debug|Any CPU.ActiveCfg = Debug|Any CPU
		{564F0C17-0617-47C7-98FA-CA39FC0455D8}.Debug|Any CPU.Build.0 = Debug|Any CPU
		{564F0C17-0617-47C7-98FA-CA39FC0455D8}.Release|Any CPU.ActiveCfg = Release|Any CPU
		{564F0C17-0617-47C7-98FA-CA39FC0455D8}.Release|Any CPU.Build.0 = Release|Any CPU
	EndGlobalSection
	GlobalSection(SolutionProperties) = preSolution
		HideSolutionNode = FALSE
	EndGlobalSection
	GlobalSection(ExtensibilityGlobals) = postSolution
		SolutionGuid = {4689B901-1459-4F01-91FA-A8E1F74429C0}
	EndGlobalSection
EndGlobal
